
Microsoft Visual Studio Solution File, Format Version 12.00
# Visual Studio Version 17
VisualStudioVersion = 17.0.31903.59
MinimumVisualStudioVersion = 10.0.40219.1
Project("{9A19103F-16F7-4668-BE54-9A1E7A4F7556}") = "Feeder", "Feeder\Feeder.csproj", "{B0685B7B-5C75-4C15-A2D4-24828F98D3AD}"
EndProject
Project("{9A19103F-16F7-4668-BE54-9A1E7A4F7556}") = "Shared", "Shared\Shared.csproj", "{8A69A4D8-6F0E-4235-81A0-255250350A3A}"
EndProject
Project("{9A19103F-16F7-4668-BE54-9A1E7A4F7556}") = "Target", "Target\Target.csproj", "{8F5AC9D9-AC42-473C-9AD9-DC9D24C398B0}"
EndProject
Project("{9A19103F-16F7-4668-BE54-9A1E7A4F7556}") = "Observer", "Observer\Observer.csproj", "{B75D9691-228D-404D-82EA-5128048F1449}"
EndProject
Global
	GlobalSection(SolutionConfigurationPlatforms) = preSolution
		Debug|Any CPU = Debug|Any CPU
		Release|Any CPU = Release|Any CPU
	EndGlobalSection
	GlobalSection(ProjectConfigurationPlatforms) = postSolution
		{B0685B7B-5C75-4C15-A2D4-24828F98D3AD}.Debug|Any CPU.ActiveCfg = Debug|Any CPU
		{B0685B7B-5C75-4C15-A2D4-24828F98D3AD}.Debug|Any CPU.Build.0 = Debug|Any CPU
		{B0685B7B-5C75-4C15-A2D4-24828F98D3AD}.Release|Any CPU.ActiveCfg = Release|Any CPU
		{B0685B7B-5C75-4C15-A2D4-24828F98D3AD}.Release|Any CPU.Build.0 = Release|Any CPU
		{8A69A4D8-6F0E-4235-81A0-255250350A3A}.Debug|Any CPU.ActiveCfg = Debug|Any CPU
		{8A69A4D8-6F0E-4235-81A0-255250350A3A}.Debug|Any CPU.Build.0 = Debug|Any CPU
		{8A69A4D8-6F0E-4235-81A0-255250350A3A}.Release|Any CPU.ActiveCfg = Release|Any CPU
		{8A69A4D8-6F0E-4235-81A0-255250350A3A}.Release|Any CPU.Build.0 = Release|Any CPU
		{8F5AC9D9-AC42-473C-9AD9-DC9D24C398B0}.Debug|Any CPU.ActiveCfg = Debug|Any CPU
		{8F5AC9D9-AC42-473C-9AD9-DC9D24C398B0}.Debug|Any CPU.Build.0 = Debug|Any CPU
		{8F5AC9D9-AC42-473C-9AD9-DC9D24C398B0}.Release|Any CPU.ActiveCfg = Release|Any CPU
		{8F5AC9D9-AC42-473C-9AD9-DC9D24C398B0}.Release|Any CPU.Build.0 = Release|Any CPU
		{B75D9691-228D-404D-82EA-5128048F1449}.Debug|Any CPU.ActiveCfg = Debug|Any CPU
		{B75D9691-228D-404D-82EA-5128048F1449}.Debug|Any CPU.Build.0 = Debug|Any CPU
		{B75D9691-228D-404D-82EA-5128048F1449}.Release|Any CPU.ActiveCfg = Release|Any CPU
		{B75D9691-228D-404D-82EA-5128048F1449}.Release|Any CPU.Build.0 = Release|Any CPU
	EndGlobalSection
	GlobalSection(SolutionProperties) = preSolution
		HideSolutionNode = FALSE
	EndGlobalSection
	GlobalSection(ExtensibilityGlobals) = postSolution
		SolutionGuid = {9EECA207-9CAF-41D7-A26E-2829788E2BD2}
	EndGlobalSection
EndGlobal
