
Microsoft Visual Studio Solution File, Format Version 12.00
# Visual Studio Version 17
VisualStudioVersion = 17.3.32929.385
MinimumVisualStudioVersion = 10.0.40219.1
Project("{9A19103F-16F7-4668-BE54-9A1E7A4F7556}") = "Benchmarks.Generator", ".\Benchmark.Generator\Benchmarks.Generator.csproj", "{2BCF721E-9F4C-48CB-8B39-6725FC2B24EF}"
EndProject
Project("{9A19103F-16F7-4668-BE54-9A1E7A4F7556}") = "Benchmarks.Shared", ".\Benchmark.Shared\Benchmarks.Shared.csproj", "{7ACF929C-A3DC-48A0-AEA4-6FED9A4AD885}"
EndProject
Project("{9A19103F-16F7-4668-BE54-9A1E7A4F7556}") = "Benchmarks.Target", ".\Benchmark.Target\Benchmarks.Target.csproj", "{532589AF-36ED-4077-B040-B9CDCBA9866E}"
EndProject
Global
	GlobalSection(SolutionConfigurationPlatforms) = preSolution
		Debug|Any CPU = Debug|Any CPU
		Release|Any CPU = Release|Any CPU
	EndGlobalSection
	GlobalSection(ProjectConfigurationPlatforms) = postSolution
		{2BCF721E-9F4C-48CB-8B39-6725FC2B24EF}.Debug|Any CPU.ActiveCfg = Debug|Any CPU
		{2BCF721E-9F4C-48CB-8B39-6725FC2B24EF}.Debug|Any CPU.Build.0 = Debug|Any CPU
		{2BCF721E-9F4C-48CB-8B39-6725FC2B24EF}.Release|Any CPU.ActiveCfg = Release|Any CPU
		{2BCF721E-9F4C-48CB-8B39-6725FC2B24EF}.Release|Any CPU.Build.0 = Release|Any CPU
		{7ACF929C-A3DC-48A0-AEA4-6FED9A4AD885}.Debug|Any CPU.ActiveCfg = Debug|Any CPU
		{7ACF929C-A3DC-48A0-AEA4-6FED9A4AD885}.Debug|Any CPU.Build.0 = Debug|Any CPU
		{7ACF929C-A3DC-48A0-AEA4-6FED9A4AD885}.Release|Any CPU.ActiveCfg = Release|Any CPU
		{7ACF929C-A3DC-48A0-AEA4-6FED9A4AD885}.Release|Any CPU.Build.0 = Release|Any CPU
		{532589AF-36ED-4077-B040-B9CDCBA9866E}.Debug|Any CPU.ActiveCfg = Debug|Any CPU
		{532589AF-36ED-4077-B040-B9CDCBA9866E}.Debug|Any CPU.Build.0 = Debug|Any CPU
		{532589AF-36ED-4077-B040-B9CDCBA9866E}.Release|Any CPU.ActiveCfg = Release|Any CPU
		{532589AF-36ED-4077-B040-B9CDCBA9866E}.Release|Any CPU.Build.0 = Release|Any CPU
	EndGlobalSection
	GlobalSection(SolutionProperties) = preSolution
		HideSolutionNode = FALSE
	EndGlobalSection
	GlobalSection(ExtensibilityGlobals) = postSolution
		SolutionGuid = {FFEECF5B-1E33-420D-9063-958DA091BC28}
	EndGlobalSection
EndGlobal
